
Microsoft Visual Studio Solution File, Format Version 12.00
# Visual Studio Version 16
VisualStudioVersion = 16.0.30611.23
MinimumVisualStudioVersion = 10.0.40219.1
Project("{FAE04EC0-301F-11D3-BF4B-00C04F79EFBC}") = "ActiveForums", "ActiveForums.csproj", "{2D42BCCC-D1B2-4831-B80C-41199DE25798}"
EndProject
Project("{2150E333-8FDC-42A3-9474-1A3956D46DE8}") = "Configuration", "Configuration", "{EB06303A-600A-440A-90AE-CB5595B24B68}"
	ProjectSection(SolutionItems) = preProject
		.gitattributes = .gitattributes
		.gitignore = .gitignore
		LICENSE = LICENSE
		README.md = README.md
	EndProjectSection
EndProject
Global
	GlobalSection(SolutionConfigurationPlatforms) = preSolution
		Debug|Any CPU = Debug|Any CPU
		Release|Any CPU = Release|Any CPU
	EndGlobalSection
	GlobalSection(ProjectConfigurationPlatforms) = postSolution
		{2D42BCCC-D1B2-4831-B80C-41199DE25798}.Debug|Any CPU.ActiveCfg = Debug|Any CPU
		{2D42BCCC-D1B2-4831-B80C-41199DE25798}.Debug|Any CPU.Build.0 = Debug|Any CPU
		{2D42BCCC-D1B2-4831-B80C-41199DE25798}.Release|Any CPU.ActiveCfg = Release|Any CPU
		{2D42BCCC-D1B2-4831-B80C-41199DE25798}.Release|Any CPU.Build.0 = Release|Any CPU
	EndGlobalSection
	GlobalSection(SolutionProperties) = preSolution
		HideSolutionNode = FALSE
	EndGlobalSection
	GlobalSection(ExtensibilityGlobals) = postSolution
		SolutionGuid = {DACD6BD0-773E-403D-A41B-38957EE5F01D}
	EndGlobalSection
EndGlobal
